
Microsoft Visual Studio Solution File, Format Version 12.00
# Visual Studio Version 16
VisualStudioVersion = 16.0.31205.134
MinimumVisualStudioVersion = 10.0.40219.1
Project("{FAE04EC0-301F-11D3-BF4B-00C04F79EFBC}") = "BaseballAnalysisTool", "BaseballAnalysisTool.csproj", "{366045D8-AE73-4729-A553-5BD684F69F6C}"
EndProject
Global
	GlobalSection(SolutionConfigurationPlatforms) = preSolution
		Debug|Any CPU = Debug|Any CPU
		Release|Any CPU = Release|Any CPU
	EndGlobalSection
	GlobalSection(ProjectConfigurationPlatforms) = postSolution
		{366045D8-AE73-4729-A553-5BD684F69F6C}.Debug|Any CPU.ActiveCfg = Debug|Any CPU
		{366045D8-AE73-4729-A553-5BD684F69F6C}.Debug|Any CPU.Build.0 = Debug|Any CPU
		{366045D8-AE73-4729-A553-5BD684F69F6C}.Release|Any CPU.ActiveCfg = Release|Any CPU
		{366045D8-AE73-4729-A553-5BD684F69F6C}.Release|Any CPU.Build.0 = Release|Any CPU
	EndGlobalSection
	GlobalSection(SolutionProperties) = preSolution
		HideSolutionNode = FALSE
	EndGlobalSection
	GlobalSection(ExtensibilityGlobals) = postSolution
		SolutionGuid = {2E086F6E-AA89-4592-A929-829835935DBF}
	EndGlobalSection
EndGlobal
